{
  "lockfileVersion": 1,
  "configVersion": 1,
  "workspaces": {
    "": {
      "dependencies": {
        "twemoji": "^14.0.2",
      },
    },
  },
  "packages": {
    "fs-extra": ["fs-extra@8.1.0", "", { "dependencies": { "graceful-fs": "^4.2.0", "jsonfile": "^4.0.0", "universalify": "^0.1.0" } }, "sha512-yhlQgA6mnOJUKOsRUFsgJdQCvkKhcz8tlZG5HBQfReYZy46OwLcY+Zia0mtdHsOo9y/hP+CxMN0TU9QxoOtG4g=="],

    "graceful-fs": ["graceful-fs@4.2.11", "", {}, "sha512-RbJ5/jmFcNNCcDV5o9eTnBLJ/HszWV0P73bc+Ff4nS/rJj+YaS6IGyiOL0VoBYX+l1Wrl3k63h/KrH+nhJ0XvQ=="],

    "jsonfile": ["jsonfile@5.0.0", "", { "dependencies": { "universalify": "^0.1.2" }, "optionalDependencies": { "graceful-fs": "^4.1.6" } }, "sha512-NQRZ5CRo74MhMMC3/3r5g2k4fjodJ/wh8MxjFbCViWKFjxrnudWSY5vomh+23ZaXzAS7J3fBZIR2dV6WbmfM0w=="],

    "twemoji": ["twemoji@14.0.2", "", { "dependencies": { "fs-extra": "^8.0.1", "jsonfile": "^5.0.0", "twemoji-parser": "14.0.0", "universalify": "^0.1.2" } }, "sha512-BzOoXIe1QVdmsUmZ54xbEH+8AgtOKUiG53zO5vVP2iUu6h5u9lN15NcuS6te4OY96qx0H7JK9vjjl9WQbkTRuA=="],

    "twemoji-parser": ["twemoji-parser@14.0.0", "", {}, "sha512-9DUOTGLOWs0pFWnh1p6NF+C3CkQ96PWmEFwhOVmT3WbecRC+68AIqpsnJXygfkFcp4aXbOp8Dwbhh/HQgvoRxA=="],

    "universalify": ["universalify@0.1.2", "", {}, "sha512-rBJeI5CXAlmy1pV+617WB9J63U6XcazHHF2f2dbJix4XzpUF0RS3Zbj0FGIOCAva5P/d/GBOYaACQ1w+0azUkg=="],

    "fs-extra/jsonfile": ["jsonfile@4.0.0", "", { "optionalDependencies": { "graceful-fs": "^4.1.6" } }, "sha512-m6F1R3z8jjlf2imQHS2Qez5sjKWQzbuuhuJ/FKYFRZvPE3PuHcSMVZzfsLhGVOkfd20obL5SWEBew5ShlquNxg=="],
  }
}
